
Microsoft Visual Studio Solution File, Format Version 12.00
# Visual Studio Version 17
VisualStudioVersion = 17.10.35027.167
MinimumVisualStudioVersion = 10.0.40219.1
Project("{FAE04EC0-301F-11D3-BF4B-00C04F79EFBC}") = "DavCard_Project", "DavCard_Project\DavCard_Project.csproj", "{90745C7C-5D49-493B-A5BF-2C428812CB8E}"
EndProject
Global
	GlobalSection(SolutionConfigurationPlatforms) = preSolution
		Debug|Any CPU = Debug|Any CPU
		Release|Any CPU = Release|Any CPU
	EndGlobalSection
	GlobalSection(ProjectConfigurationPlatforms) = postSolution
		{90745C7C-5D49-493B-A5BF-2C428812CB8E}.Debug|Any CPU.ActiveCfg = Debug|Any CPU
		{90745C7C-5D49-493B-A5BF-2C428812CB8E}.Debug|Any CPU.Build.0 = Debug|Any CPU
		{90745C7C-5D49-493B-A5BF-2C428812CB8E}.Release|Any CPU.ActiveCfg = Release|Any CPU
		{90745C7C-5D49-493B-A5BF-2C428812CB8E}.Release|Any CPU.Build.0 = Release|Any CPU
	EndGlobalSection
	GlobalSection(SolutionProperties) = preSolution
		HideSolutionNode = FALSE
	EndGlobalSection
	GlobalSection(ExtensibilityGlobals) = postSolution
		SolutionGuid = {1E529356-787F-4767-802E-B7143A7A41F5}
	EndGlobalSection
EndGlobal
